
Microsoft Visual Studio Solution File, Format Version 12.00
# Visual Studio 15
VisualStudioVersion = 15.0.27703.2018
MinimumVisualStudioVersion = 10.0.40219.1
Project("{FAE04EC0-301F-11D3-BF4B-00C04F79EFBC}") = "Common", "Common\Common.csproj", "{90FA9562-63B4-427B-93B0-B6DB2C66F27F}"
EndProject
Project("{FAE04EC0-301F-11D3-BF4B-00C04F79EFBC}") = "Business", "Business\Business.csproj", "{62CB4C30-7513-4B7E-8581-52CACFC76834}"
EndProject
Project("{FAE04EC0-301F-11D3-BF4B-00C04F79EFBC}") = "Data", "Data\Data.csproj", "{25FB4F48-A775-41D0-8134-50440F0E45FC}"
EndProject
Project("{FAE04EC0-301F-11D3-BF4B-00C04F79EFBC}") = "Entity", "Entity\Entity.csproj", "{CEFDE89B-E61F-491B-A773-D860A36B9A39}"
EndProject
Project("{FAE04EC0-301F-11D3-BF4B-00C04F79EFBC}") = "Model", "Model\Model.csproj", "{0B51AE13-DE95-4FC0-AAB6-F2ABCAFEBD9E}"
EndProject
Project("{FAE04EC0-301F-11D3-BF4B-00C04F79EFBC}") = "WebSite", "WebSite\WebSite.csproj", "{B483D26E-7587-417E-B842-524B593FF76F}"
EndProject
Global
	GlobalSection(SolutionConfigurationPlatforms) = preSolution
		Debug|Any CPU = Debug|Any CPU
		Release|Any CPU = Release|Any CPU
	EndGlobalSection
	GlobalSection(ProjectConfigurationPlatforms) = postSolution
		{90FA9562-63B4-427B-93B0-B6DB2C66F27F}.Debug|Any CPU.ActiveCfg = Debug|Any CPU
		{90FA9562-63B4-427B-93B0-B6DB2C66F27F}.Debug|Any CPU.Build.0 = Debug|Any CPU
		{90FA9562-63B4-427B-93B0-B6DB2C66F27F}.Release|Any CPU.ActiveCfg = Release|Any CPU
		{90FA9562-63B4-427B-93B0-B6DB2C66F27F}.Release|Any CPU.Build.0 = Release|Any CPU
		{62CB4C30-7513-4B7E-8581-52CACFC76834}.Debug|Any CPU.ActiveCfg = Debug|Any CPU
		{62CB4C30-7513-4B7E-8581-52CACFC76834}.Debug|Any CPU.Build.0 = Debug|Any CPU
		{62CB4C30-7513-4B7E-8581-52CACFC76834}.Release|Any CPU.ActiveCfg = Release|Any CPU
		{62CB4C30-7513-4B7E-8581-52CACFC76834}.Release|Any CPU.Build.0 = Release|Any CPU
		{25FB4F48-A775-41D0-8134-50440F0E45FC}.Debug|Any CPU.ActiveCfg = Debug|Any CPU
		{25FB4F48-A775-41D0-8134-50440F0E45FC}.Debug|Any CPU.Build.0 = Debug|Any CPU
		{25FB4F48-A775-41D0-8134-50440F0E45FC}.Release|Any CPU.ActiveCfg = Release|Any CPU
		{25FB4F48-A775-41D0-8134-50440F0E45FC}.Release|Any CPU.Build.0 = Release|Any CPU
		{CEFDE89B-E61F-491B-A773-D860A36B9A39}.Debug|Any CPU.ActiveCfg = Debug|Any CPU
		{CEFDE89B-E61F-491B-A773-D860A36B9A39}.Debug|Any CPU.Build.0 = Debug|Any CPU
		{CEFDE89B-E61F-491B-A773-D860A36B9A39}.Release|Any CPU.ActiveCfg = Release|Any CPU
		{CEFDE89B-E61F-491B-A773-D860A36B9A39}.Release|Any CPU.Build.0 = Release|Any CPU
		{0B51AE13-DE95-4FC0-AAB6-F2ABCAFEBD9E}.Debug|Any CPU.ActiveCfg = Debug|Any CPU
		{0B51AE13-DE95-4FC0-AAB6-F2ABCAFEBD9E}.Debug|Any CPU.Build.0 = Debug|Any CPU
		{0B51AE13-DE95-4FC0-AAB6-F2ABCAFEBD9E}.Release|Any CPU.ActiveCfg = Release|Any CPU
		{0B51AE13-DE95-4FC0-AAB6-F2ABCAFEBD9E}.Release|Any CPU.Build.0 = Release|Any CPU
		{B483D26E-7587-417E-B842-524B593FF76F}.Debug|Any CPU.ActiveCfg = Debug|Any CPU
		{B483D26E-7587-417E-B842-524B593FF76F}.Debug|Any CPU.Build.0 = Debug|Any CPU
		{B483D26E-7587-417E-B842-524B593FF76F}.Release|Any CPU.ActiveCfg = Release|Any CPU
		{B483D26E-7587-417E-B842-524B593FF76F}.Release|Any CPU.Build.0 = Release|Any CPU
	EndGlobalSection
	GlobalSection(SolutionProperties) = preSolution
		HideSolutionNode = FALSE
	EndGlobalSection
	GlobalSection(ExtensibilityGlobals) = postSolution
		SolutionGuid = {40E3E69B-2850-483E-A25B-5015C68EF787}
	EndGlobalSection
EndGlobal
